
Microsoft Visual Studio Solution File, Format Version 12.00
# Visual Studio Version 17
VisualStudioVersion = 17.4.33110.190
MinimumVisualStudioVersion = 10.0.40219.1
Project("{9A19103F-16F7-4668-BE54-9A1E7A4F7556}") = "API", "API\API.csproj", "{C24CC073-B460-4F70-BFE9-EFE2B54C8ED1}"
EndProject
Project("{9A19103F-16F7-4668-BE54-9A1E7A4F7556}") = "Domain", "Domain\Domain.csproj", "{AD64692E-A639-4D76-99D8-DB811A814064}"
EndProject
Project("{9A19103F-16F7-4668-BE54-9A1E7A4F7556}") = "Infrastructure", "Infrastructure\Infrastructure.csproj", "{57044EE4-4E0A-4CA4-B01F-3D2BCE01BCCF}"
	ProjectSection(ProjectDependencies) = postProject
		{AD64692E-A639-4D76-99D8-DB811A814064} = {AD64692E-A639-4D76-99D8-DB811A814064}
	EndProjectSection
EndProject
Project("{FAE04EC0-301F-11D3-BF4B-00C04F79EFBC}") = "API.Tests", "API.Tests\API.Tests.csproj", "{9A2D6FD9-D3A3-4513-AF4E-E550D0B16676}"
EndProject
Project("{2150E333-8FDC-42A3-9474-1A3956D46DE8}") = "src", "src", "{35E92745-19AA-484C-AFDA-36E5158E85EB}"
EndProject
Project("{2150E333-8FDC-42A3-9474-1A3956D46DE8}") = "tests", "tests", "{5415CD7B-E930-4E9C-8717-E252858E48B2}"
EndProject
Global
	GlobalSection(SolutionConfigurationPlatforms) = preSolution
		Debug|Any CPU = Debug|Any CPU
		Release|Any CPU = Release|Any CPU
	EndGlobalSection
	GlobalSection(ProjectConfigurationPlatforms) = postSolution
		{C24CC073-B460-4F70-BFE9-EFE2B54C8ED1}.Debug|Any CPU.ActiveCfg = Debug|Any CPU
		{C24CC073-B460-4F70-BFE9-EFE2B54C8ED1}.Debug|Any CPU.Build.0 = Debug|Any CPU
		{C24CC073-B460-4F70-BFE9-EFE2B54C8ED1}.Release|Any CPU.ActiveCfg = Release|Any CPU
		{C24CC073-B460-4F70-BFE9-EFE2B54C8ED1}.Release|Any CPU.Build.0 = Release|Any CPU
		{AD64692E-A639-4D76-99D8-DB811A814064}.Debug|Any CPU.ActiveCfg = Debug|Any CPU
		{AD64692E-A639-4D76-99D8-DB811A814064}.Debug|Any CPU.Build.0 = Debug|Any CPU
		{AD64692E-A639-4D76-99D8-DB811A814064}.Release|Any CPU.ActiveCfg = Release|Any CPU
		{AD64692E-A639-4D76-99D8-DB811A814064}.Release|Any CPU.Build.0 = Release|Any CPU
		{57044EE4-4E0A-4CA4-B01F-3D2BCE01BCCF}.Debug|Any CPU.ActiveCfg = Debug|Any CPU
		{57044EE4-4E0A-4CA4-B01F-3D2BCE01BCCF}.Debug|Any CPU.Build.0 = Debug|Any CPU
		{57044EE4-4E0A-4CA4-B01F-3D2BCE01BCCF}.Release|Any CPU.ActiveCfg = Release|Any CPU
		{57044EE4-4E0A-4CA4-B01F-3D2BCE01BCCF}.Release|Any CPU.Build.0 = Release|Any CPU
		{9A2D6FD9-D3A3-4513-AF4E-E550D0B16676}.Debug|Any CPU.ActiveCfg = Debug|Any CPU
		{9A2D6FD9-D3A3-4513-AF4E-E550D0B16676}.Debug|Any CPU.Build.0 = Debug|Any CPU
		{9A2D6FD9-D3A3-4513-AF4E-E550D0B16676}.Release|Any CPU.ActiveCfg = Release|Any CPU
		{9A2D6FD9-D3A3-4513-AF4E-E550D0B16676}.Release|Any CPU.Build.0 = Release|Any CPU
	EndGlobalSection
	GlobalSection(SolutionProperties) = preSolution
		HideSolutionNode = FALSE
	EndGlobalSection
	GlobalSection(NestedProjects) = preSolution
		{C24CC073-B460-4F70-BFE9-EFE2B54C8ED1} = {35E92745-19AA-484C-AFDA-36E5158E85EB}
		{AD64692E-A639-4D76-99D8-DB811A814064} = {35E92745-19AA-484C-AFDA-36E5158E85EB}
		{57044EE4-4E0A-4CA4-B01F-3D2BCE01BCCF} = {35E92745-19AA-484C-AFDA-36E5158E85EB}
		{9A2D6FD9-D3A3-4513-AF4E-E550D0B16676} = {5415CD7B-E930-4E9C-8717-E252858E48B2}
	EndGlobalSection
	GlobalSection(ExtensibilityGlobals) = postSolution
		SolutionGuid = {BA431F45-520F-406C-B411-1CECA57ABB33}
	EndGlobalSection
EndGlobal
